// !$*UTF8*$!
{
	archiveVersion = 1;
	classes = {
	};
	objectVersion = 46;
	objects = {

/* Begin PBXBuildFile section */
		390ADF5115733B9500A3F01A /* SetCanvasSizeWindowController.m in Sources */ = {isa = PBXBuildFile; fileRef = 390ADF4F15733B9500A3F01A /* SetCanvasSizeWindowController.m */; };
		390ADF5215733B9500A3F01A /* SetCanvasSizeWindowController.xib in Resources */ = {isa = PBXBuildFile; fileRef = 390ADF5015733B9500A3F01A /* SetCanvasSizeWindowController.xib */; };
		390ADF551573477500A3F01A /* SwingPole1.png in Resources */ = {isa = PBXBuildFile; fileRef = 390ADF541573477500A3F01A /* SwingPole1.png */; };
		390ADF5B15741BF500A3F01A /* btn-move-hi.png in Resources */ = {isa = PBXBuildFile; fileRef = 390ADF5A15741BF500A3F01A /* btn-move-hi.png */; };
		390ADF611574685200A3F01A /* btn-scale-hi.png in Resources */ = {isa = PBXBuildFile; fileRef = 390ADF601574685200A3F01A /* btn-scale-hi.png */; };
		39104B1C15971EF700C80A13 /* Cannon.m in Sources */ = {isa = PBXBuildFile; fileRef = 39104B1B15971EF700C80A13 /* Cannon.m */; };
		39104B2015972B2F00C80A13 /* Spring.m in Sources */ = {isa = PBXBuildFile; fileRef = 39104B1F15972B2F00C80A13 /* Spring.m */; };
		39104B2315972DB400C80A13 /* Elephant.m in Sources */ = {isa = PBXBuildFile; fileRef = 39104B2215972DB400C80A13 /* Elephant.m */; };
		39104B261597763C00C80A13 /* FinalPlatform.m in Sources */ = {isa = PBXBuildFile; fileRef = 39104B251597763C00C80A13 /* FinalPlatform.m */; };
		39104B291597777D00C80A13 /* TreeClump.m in Sources */ = {isa = PBXBuildFile; fileRef = 39104B281597777D00C80A13 /* TreeClump.m */; };
		39104B2C15977A7600C80A13 /* Tent.m in Sources */ = {isa = PBXBuildFile; fileRef = 39104B2B15977A7600C80A13 /* Tent.m */; };
		39104B3015977BEE00C80A13 /* BalloonCart.m in Sources */ = {isa = PBXBuildFile; fileRef = 39104B2F15977BEE00C80A13 /* BalloonCart.m */; };
		39104B3315977BFA00C80A13 /* PopcornCart.m in Sources */ = {isa = PBXBuildFile; fileRef = 39104B3215977BFA00C80A13 /* PopcornCart.m */; };
		39104B3615977C1200C80A13 /* Star.m in Sources */ = {isa = PBXBuildFile; fileRef = 39104B3515977C1200C80A13 /* Star.m */; };
		39104B3915977C2100C80A13 /* Coin.m in Sources */ = {isa = PBXBuildFile; fileRef = 39104B3815977C2100C80A13 /* Coin.m */; };
		39104B3C15977C2B00C80A13 /* Boxes.m in Sources */ = {isa = PBXBuildFile; fileRef = 39104B3B15977C2B00C80A13 /* Boxes.m */; };
		39104B3F15977C4100C80A13 /* Dummy.m in Sources */ = {isa = PBXBuildFile; fileRef = 39104B3E15977C4100C80A13 /* Dummy.m */; };
		39104B4215978A9100C80A13 /* Wheel.m in Sources */ = {isa = PBXBuildFile; fileRef = 39104B4115978A9100C80A13 /* Wheel.m */; };
		39104B4415978BCD00C80A13 /* wheel.png in Resources */ = {isa = PBXBuildFile; fileRef = 39104B4315978BCD00C80A13 /* wheel.png */; };
		391D412D1586D9A500F80DE6 /* Swing1.png in Resources */ = {isa = PBXBuildFile; fileRef = 391D412C1586D9A500F80DE6 /* Swing1.png */; };
		391D41321586DBA700F80DE6 /* Swing1.icns in Resources */ = {isa = PBXBuildFile; fileRef = 391D41311586DBA700F80DE6 /* Swing1.icns */; };
		3921917D15D4CA2700441C6C /* Hunter.m in Sources */ = {isa = PBXBuildFile; fileRef = 3921917C15D4CA2700441C6C /* Hunter.m */; };
		3921918015D4CB6400441C6C /* hunter-hd.png in Resources */ = {isa = PBXBuildFile; fileRef = 3921917F15D4CB6400441C6C /* hunter-hd.png */; };
		39258DE5156F2E3600311702 /* Cocoa.framework in Frameworks */ = {isa = PBXBuildFile; fileRef = 39258DE4156F2E3600311702 /* Cocoa.framework */; };
		39258DEF156F2E3600311702 /* InfoPlist.strings in Resources */ = {isa = PBXBuildFile; fileRef = 39258DED156F2E3600311702 /* InfoPlist.strings */; };
		39258DF1156F2E3600311702 /* main.m in Sources */ = {isa = PBXBuildFile; fileRef = 39258DF0156F2E3600311702 /* main.m */; };
		39258DF5156F2E3600311702 /* Credits.rtf in Resources */ = {isa = PBXBuildFile; fileRef = 39258DF3156F2E3600311702 /* Credits.rtf */; };
		39258DF8156F2E3600311702 /* AppDelegate.m in Sources */ = {isa = PBXBuildFile; fileRef = 39258DF7156F2E3600311702 /* AppDelegate.m */; };
		39258DFB156F2E3600311702 /* MainMenu.xib in Resources */ = {isa = PBXBuildFile; fileRef = 39258DF9156F2E3600311702 /* MainMenu.xib */; };
		39258E05156F2E9E00311702 /* StretchView.m in Sources */ = {isa = PBXBuildFile; fileRef = 39258E04156F2E9E00311702 /* StretchView.m */; };
		3937DC5A15970DD500934226 /* Pole.m in Sources */ = {isa = PBXBuildFile; fileRef = 3937DC5915970DD500934226 /* Pole.m */; };
		3953383C1586E203001A2C12 /* help.html in Resources */ = {isa = PBXBuildFile; fileRef = 3953383B1586E203001A2C12 /* help.html */; };
		39567A1F15ACD2EA00B82B1C /* L2a_Torch.png in Resources */ = {isa = PBXBuildFile; fileRef = 39567A1715ACD2EA00B82B1C /* L2a_Torch.png */; };
		39567A2015ACD2EA00B82B1C /* L2a_Tree1.png in Resources */ = {isa = PBXBuildFile; fileRef = 39567A1815ACD2EA00B82B1C /* L2a_Tree1.png */; };
		39567A2115ACD2EA00B82B1C /* L2a_Tree2.png in Resources */ = {isa = PBXBuildFile; fileRef = 39567A1915ACD2EA00B82B1C /* L2a_Tree2.png */; };
		39567A2215ACD2EA00B82B1C /* L2a_Tree3.png in Resources */ = {isa = PBXBuildFile; fileRef = 39567A1A15ACD2EA00B82B1C /* L2a_Tree3.png */; };
		39567A2315ACD2EA00B82B1C /* L2a_Tree4.png in Resources */ = {isa = PBXBuildFile; fileRef = 39567A1B15ACD2EA00B82B1C /* L2a_Tree4.png */; };
		39567A2415ACD2EA00B82B1C /* L2a_TreeClump1.png in Resources */ = {isa = PBXBuildFile; fileRef = 39567A1C15ACD2EA00B82B1C /* L2a_TreeClump1.png */; };
		39567A2515ACD2EA00B82B1C /* L2a_TreeClump2.png in Resources */ = {isa = PBXBuildFile; fileRef = 39567A1D15ACD2EA00B82B1C /* L2a_TreeClump2.png */; };
		39567A2615ACD2EA00B82B1C /* L2a_TreeClump3.png in Resources */ = {isa = PBXBuildFile; fileRef = 39567A1E15ACD2EA00B82B1C /* L2a_TreeClump3.png */; };
		39567A2B15AD22FA00B82B1C /* Torch.m in Sources */ = {isa = PBXBuildFile; fileRef = 39567A2A15AD22F900B82B1C /* Torch.m */; };
		39567A2E15AE040600B82B1C /* GPUtil.m in Sources */ = {isa = PBXBuildFile; fileRef = 39567A2D15AE040600B82B1C /* GPUtil.m */; };
		396F5E12158A9F7C004CD17E /* dummy.png in Resources */ = {isa = PBXBuildFile; fileRef = 396F5E11158A9F7C004CD17E /* dummy.png */; };
		396F5E15158ADD12004CD17E /* star.png in Resources */ = {isa = PBXBuildFile; fileRef = 396F5E14158ADD12004CD17E /* star.png */; };
		397AA3E615CE38A700DF8881 /* magnet-hd.png in Resources */ = {isa = PBXBuildFile; fileRef = 397AA3E515CE38A700DF8881 /* magnet-hd.png */; };
		397AA3E915CE38B800DF8881 /* Magnet.m in Sources */ = {isa = PBXBuildFile; fileRef = 397AA3E815CE38B800DF8881 /* Magnet.m */; };
		399C3A0615865419005537B6 /* Cannon.png in Resources */ = {isa = PBXBuildFile; fileRef = 399C3A0515865419005537B6 /* Cannon.png */; };
		399C3A0E1586736C005537B6 /* finalPlatform.png in Resources */ = {isa = PBXBuildFile; fileRef = 399C3A0D1586736C005537B6 /* finalPlatform.png */; };
		39B3916D16226B63001FA19A /* potion-hd.png in Resources */ = {isa = PBXBuildFile; fileRef = 39B3916C16226B63001FA19A /* potion-hd.png */; };
		39B3917116226C20001FA19A /* AngerPotion.m in Sources */ = {isa = PBXBuildFile; fileRef = 39B3917016226C20001FA19A /* AngerPotion.m */; };
		39B3917316226CF9001FA19A /* cherry-hd.png in Resources */ = {isa = PBXBuildFile; fileRef = 39B3917216226CF9001FA19A /* cherry-hd.png */; };
		39B3917616226D0D001FA19A /* SpeedBoost.m in Sources */ = {isa = PBXBuildFile; fileRef = 39B3917516226D0D001FA19A /* SpeedBoost.m */; };
		39B966711592E51700D4BF00 /* ElephantWalk6.png in Resources */ = {isa = PBXBuildFile; fileRef = 39B966701592E51700D4BF00 /* ElephantWalk6.png */; };
		39BE5E39158FB6C200C7D79E /* L1aTreeClump1.png in Resources */ = {isa = PBXBuildFile; fileRef = 39BE5E36158FB6C200C7D79E /* L1aTreeClump1.png */; };
		39BE5E3A158FB6C200C7D79E /* L1aTreeClump2.png in Resources */ = {isa = PBXBuildFile; fileRef = 39BE5E37158FB6C200C7D79E /* L1aTreeClump2.png */; };
		39BE5E3B158FB6C200C7D79E /* L1aTreeClump3.png in Resources */ = {isa = PBXBuildFile; fileRef = 39BE5E38158FB6C200C7D79E /* L1aTreeClump3.png */; };
		39BE5E3E158FBC8300C7D79E /* L1a_PopcornCart.png in Resources */ = {isa = PBXBuildFile; fileRef = 39BE5E3D158FBC8300C7D79E /* L1a_PopcornCart.png */; };
		39BE5E40158FBC8800C7D79E /* L1a_BalloonCart.png in Resources */ = {isa = PBXBuildFile; fileRef = 39BE5E3F158FBC8800C7D79E /* L1a_BalloonCart.png */; };
		39BE5E43158FBC9500C7D79E /* L1a_Tent1.png in Resources */ = {isa = PBXBuildFile; fileRef = 39BE5E41158FBC9500C7D79E /* L1a_Tent1.png */; };
		39BE5E44158FBC9500C7D79E /* L1a_Tent2.png in Resources */ = {isa = PBXBuildFile; fileRef = 39BE5E42158FBC9500C7D79E /* L1a_Tent2.png */; };
		39BE5E46158FE05700C7D79E /* L1a_Boxes1.png in Resources */ = {isa = PBXBuildFile; fileRef = 39BE5E45158FE05700C7D79E /* L1a_Boxes1.png */; };
		39BE5E4C1590344200C7D79E /* Coin1.png in Resources */ = {isa = PBXBuildFile; fileRef = 39BE5E4B1590344200C7D79E /* Coin1.png */; };
		39BE5E601591A3A300C7D79E /* spring.png in Resources */ = {isa = PBXBuildFile; fileRef = 39BE5E5F1591A3A300C7D79E /* spring.png */; };
		39C05CCF1571C5EF007C0035 /* GameObject.m in Sources */ = {isa = PBXBuildFile; fileRef = 39C05CCE1571C5EF007C0035 /* GameObject.m */; };
		39F9A55C15A55E1400AAC46B /* StrongmanStand1.png in Resources */ = {isa = PBXBuildFile; fileRef = 39F9A55B15A55E1400AAC46B /* StrongmanStand1.png */; };
		39F9A56015A55EA500AAC46B /* StrongMan.m in Sources */ = {isa = PBXBuildFile; fileRef = 39F9A55F15A55EA500AAC46B /* StrongMan.m */; };
		39FACEC715B6668200CC5717 /* floatingPlatform.png in Resources */ = {isa = PBXBuildFile; fileRef = 39FACEC615B6668200CC5717 /* floatingPlatform.png */; };
		39FACECB15B666D600CC5717 /* FloatingPlatform.m in Sources */ = {isa = PBXBuildFile; fileRef = 39FACECA15B666D600CC5717 /* FloatingPlatform.m */; };
		39FACEEA15BA3ACD00CC5717 /* FireRing.png in Resources */ = {isa = PBXBuildFile; fileRef = 39FACEE915BA3ACD00CC5717 /* FireRing.png */; };
		39FACEED15BA3AE800CC5717 /* FireRing.m in Sources */ = {isa = PBXBuildFile; fileRef = 39FACEEC15BA3AE700CC5717 /* FireRing.m */; };
/* End PBXBuildFile section */

/* Begin PBXFileReference section */
		390ADF4E15733B9500A3F01A /* SetCanvasSizeWindowController.h */ = {isa = PBXFileReference; fileEncoding = 4; lastKnownFileType = sourcecode.c.h; path = SetCanvasSizeWindowController.h; sourceTree = "<group>"; };
		390ADF4F15733B9500A3F01A /* SetCanvasSizeWindowController.m */ = {isa = PBXFileReference; fileEncoding = 4; lastKnownFileType = sourcecode.c.objc; path = SetCanvasSizeWindowController.m; sourceTree = "<group>"; };
		390ADF5015733B9500A3F01A /* SetCanvasSizeWindowController.xib */ = {isa = PBXFileReference; fileEncoding = 4; lastKnownFileType = file.xib; path = SetCanvasSizeWindowController.xib; sourceTree = "<group>"; };
		390ADF541573477500A3F01A /* SwingPole1.png */ = {isa = PBXFileReference; lastKnownFileType = image.png; path = SwingPole1.png; sourceTree = "<group>"; };
		390ADF5A15741BF500A3F01A /* btn-move-hi.png */ = {isa = PBXFileReference; lastKnownFileType = image.png; path = "btn-move-hi.png"; sourceTree = "<group>"; };
		390ADF601574685200A3F01A /* btn-scale-hi.png */ = {isa = PBXFileReference; lastKnownFileType = image.png; path = "btn-scale-hi.png"; sourceTree = "<group>"; };
		39104B1A15971EF700C80A13 /* Cannon.h */ = {isa = PBXFileReference; fileEncoding = 4; lastKnownFileType = sourcecode.c.h; path = Cannon.h; sourceTree = "<group>"; };
		39104B1B15971EF700C80A13 /* Cannon.m */ = {isa = PBXFileReference; fileEncoding = 4; lastKnownFileType = sourcecode.c.objc; path = Cannon.m; sourceTree = "<group>"; };
		39104B1E15972B2F00C80A13 /* Spring.h */ = {isa = PBXFileReference; fileEncoding = 4; lastKnownFileType = sourcecode.c.h; path = Spring.h; sourceTree = "<group>"; };
		39104B1F15972B2F00C80A13 /* Spring.m */ = {isa = PBXFileReference; fileEncoding = 4; lastKnownFileType = sourcecode.c.objc; path = Spring.m; sourceTree = "<group>"; };
		39104B2115972DB400C80A13 /* Elephant.h */ = {isa = PBXFileReference; fileEncoding = 4; lastKnownFileType = sourcecode.c.h; path = Elephant.h; sourceTree = "<group>"; };
		39104B2215972DB400C80A13 /* Elephant.m */ = {isa = PBXFileReference; fileEncoding = 4; lastKnownFileType = sourcecode.c.objc; path = Elephant.m; sourceTree = "<group>"; };
		39104B241597763C00C80A13 /* FinalPlatform.h */ = {isa = PBXFileReference; fileEncoding = 4; lastKnownFileType = sourcecode.c.h; path = FinalPlatform.h; sourceTree = "<group>"; };
		39104B251597763C00C80A13 /* FinalPlatform.m */ = {isa = PBXFileReference; fileEncoding = 4; lastKnownFileType = sourcecode.c.objc; path = FinalPlatform.m; sourceTree = "<group>"; };
		39104B271597777D00C80A13 /* TreeClump.h */ = {isa = PBXFileReference; fileEncoding = 4; lastKnownFileType = sourcecode.c.h; path = TreeClump.h; sourceTree = "<group>"; };
		39104B281597777D00C80A13 /* TreeClump.m */ = {isa = PBXFileReference; fileEncoding = 4; lastKnownFileType = sourcecode.c.objc; path = TreeClump.m; sourceTree = "<group>"; };
		39104B2A15977A7600C80A13 /* Tent.h */ = {isa = PBXFileReference; fileEncoding = 4; lastKnownFileType = sourcecode.c.h; path = Tent.h; sourceTree = "<group>"; };
		39104B2B15977A7600C80A13 /* Tent.m */ = {isa = PBXFileReference; fileEncoding = 4; lastKnownFileType = sourcecode.c.objc; path = Tent.m; sourceTree = "<group>"; };
		39104B2E15977BEE00C80A13 /* BalloonCart.h */ = {isa = PBXFileReference; fileEncoding = 4; lastKnownFileType = sourcecode.c.h; path = BalloonCart.h; sourceTree = "<group>"; };
		39104B2F15977BEE00C80A13 /* BalloonCart.m */ = {isa = PBXFileReference; fileEncoding = 4; lastKnownFileType = sourcecode.c.objc; path = BalloonCart.m; sourceTree = "<group>"; };
		39104B3115977BFA00C80A13 /* PopcornCart.h */ = {isa = PBXFileReference; fileEncoding = 4; lastKnownFileType = sourcecode.c.h; path = PopcornCart.h; sourceTree = "<group>"; };
		39104B3215977BFA00C80A13 /* PopcornCart.m */ = {isa = PBXFileReference; fileEncoding = 4; lastKnownFileType = sourcecode.c.objc; path = PopcornCart.m; sourceTree = "<group>"; };
		39104B3415977C1200C80A13 /* Star.h */ = {isa = PBXFileReference; fileEncoding = 4; lastKnownFileType = sourcecode.c.h; path = Star.h; sourceTree = "<group>"; };
		39104B3515977C1200C80A13 /* Star.m */ = {isa = PBXFileReference; fileEncoding = 4; lastKnownFileType = sourcecode.c.objc; path = Star.m; sourceTree = "<group>"; };
		39104B3715977C2100C80A13 /* Coin.h */ = {isa = PBXFileReference; fileEncoding = 4; lastKnownFileType = sourcecode.c.h; path = Coin.h; sourceTree = "<group>"; };
		39104B3815977C2100C80A13 /* Coin.m */ = {isa = PBXFileReference; fileEncoding = 4; lastKnownFileType = sourcecode.c.objc; path = Coin.m; sourceTree = "<group>"; };
		39104B3A15977C2B00C80A13 /* Boxes.h */ = {isa = PBXFileReference; fileEncoding = 4; lastKnownFileType = sourcecode.c.h; path = Boxes.h; sourceTree = "<group>"; };
		39104B3B15977C2B00C80A13 /* Boxes.m */ = {isa = PBXFileReference; fileEncoding = 4; lastKnownFileType = sourcecode.c.objc; path = Boxes.m; sourceTree = "<group>"; };
		39104B3D15977C4100C80A13 /* Dummy.h */ = {isa = PBXFileReference; fileEncoding = 4; lastKnownFileType = sourcecode.c.h; path = Dummy.h; sourceTree = "<group>"; };
		39104B3E15977C4100C80A13 /* Dummy.m */ = {isa = PBXFileReference; fileEncoding = 4; lastKnownFileType = sourcecode.c.objc; path = Dummy.m; sourceTree = "<group>"; };
		39104B4015978A9100C80A13 /* Wheel.h */ = {isa = PBXFileReference; fileEncoding = 4; lastKnownFileType = sourcecode.c.h; path = Wheel.h; sourceTree = "<group>"; };
		39104B4115978A9100C80A13 /* Wheel.m */ = {isa = PBXFileReference; fileEncoding = 4; lastKnownFileType = sourcecode.c.objc; path = Wheel.m; sourceTree = "<group>"; };
		39104B4315978BCD00C80A13 /* wheel.png */ = {isa = PBXFileReference; lastKnownFileType = image.png; path = wheel.png; sourceTree = "<group>"; };
		39104B451597994100C80A13 /* Notifications.h */ = {isa = PBXFileReference; fileEncoding = 4; lastKnownFileType = sourcecode.c.h; path = Notifications.h; sourceTree = "<group>"; };
		391D412C1586D9A500F80DE6 /* Swing1.png */ = {isa = PBXFileReference; lastKnownFileType = image.png; name = Swing1.png; path = ../Swing1.png; sourceTree = "<group>"; };
		391D41311586DBA700F80DE6 /* Swing1.icns */ = {isa = PBXFileReference; lastKnownFileType = image.icns; name = Swing1.icns; path = resources/macos/Swing1.icns; sourceTree = "<group>"; };
		3921917B15D4CA2700441C6C /* Hunter.h */ = {isa = PBXFileReference; fileEncoding = 4; lastKnownFileType = sourcecode.c.h; path = Hunter.h; sourceTree = "<group>"; };
		3921917C15D4CA2700441C6C /* Hunter.m */ = {isa = PBXFileReference; fileEncoding = 4; lastKnownFileType = sourcecode.c.objc; path = Hunter.m; sourceTree = "<group>"; };
		3921917F15D4CB6400441C6C /* hunter-hd.png */ = {isa = PBXFileReference; lastKnownFileType = image.png; path = "hunter-hd.png"; sourceTree = "<group>"; };
		39258DE0156F2E3600311702 /* SwingerLevelDesigner.app */ = {isa = PBXFileReference; explicitFileType = wrapper.application; includeInIndex = 0; path = SwingerLevelDesigner.app; sourceTree = BUILT_PRODUCTS_DIR; };
		39258DE4156F2E3600311702 /* Cocoa.framework */ = {isa = PBXFileReference; lastKnownFileType = wrapper.framework; name = Cocoa.framework; path = System/Library/Frameworks/Cocoa.framework; sourceTree = SDKROOT; };
		39258DE7156F2E3600311702 /* AppKit.framework */ = {isa = PBXFileReference; lastKnownFileType = wrapper.framework; name = AppKit.framework; path = System/Library/Frameworks/AppKit.framework; sourceTree = SDKROOT; };
		39258DE8156F2E3600311702 /* CoreData.framework */ = {isa = PBXFileReference; lastKnownFileType = wrapper.framework; name = CoreData.framework; path = System/Library/Frameworks/CoreData.framework; sourceTree = SDKROOT; };
		39258DE9156F2E3600311702 /* Foundation.framework */ = {isa = PBXFileReference; lastKnownFileType = wrapper.framework; name = Foundation.framework; path = System/Library/Frameworks/Foundation.framework; sourceTree = SDKROOT; };
		39258DEC156F2E3600311702 /* SwingerLevelDesigner-Info.plist */ = {isa = PBXFileReference; lastKnownFileType = text.plist.xml; path = "SwingerLevelDesigner-Info.plist"; sourceTree = "<group>"; };
		39258DEE156F2E3600311702 /* en */ = {isa = PBXFileReference; lastKnownFileType = text.plist.strings; name = en; path = en.lproj/InfoPlist.strings; sourceTree = "<group>"; };
		39258DF0156F2E3600311702 /* main.m */ = {isa = PBXFileReference; lastKnownFileType = sourcecode.c.objc; path = main.m; sourceTree = "<group>"; };
		39258DF2156F2E3600311702 /* SwingerLevelDesigner-Prefix.pch */ = {isa = PBXFileReference; lastKnownFileType = sourcecode.c.h; path = "SwingerLevelDesigner-Prefix.pch"; sourceTree = "<group>"; };
		39258DF4156F2E3600311702 /* en */ = {isa = PBXFileReference; lastKnownFileType = text.rtf; name = en; path = en.lproj/Credits.rtf; sourceTree = "<group>"; };
		39258DF6156F2E3600311702 /* AppDelegate.h */ = {isa = PBXFileReference; lastKnownFileType = sourcecode.c.h; path = AppDelegate.h; sourceTree = "<group>"; };
		39258DF7156F2E3600311702 /* AppDelegate.m */ = {isa = PBXFileReference; lastKnownFileType = sourcecode.c.objc; path = AppDelegate.m; sourceTree = "<group>"; };
		39258DFA156F2E3600311702 /* en */ = {isa = PBXFileReference; lastKnownFileType = file.xib; name = en; path = en.lproj/MainMenu.xib; sourceTree = "<group>"; };
		39258E03156F2E9E00311702 /* StretchView.h */ = {isa = PBXFileReference; fileEncoding = 4; lastKnownFileType = sourcecode.c.h; path = StretchView.h; sourceTree = "<group>"; };
		39258E04156F2E9E00311702 /* StretchView.m */ = {isa = PBXFileReference; fileEncoding = 4; lastKnownFileType = sourcecode.c.objc; path = StretchView.m; sourceTree = "<group>"; };
		3937DC5815970DD500934226 /* Pole.h */ = {isa = PBXFileReference; fileEncoding = 4; lastKnownFileType = sourcecode.c.h; path = Pole.h; sourceTree = "<group>"; };
		3937DC5915970DD500934226 /* Pole.m */ = {isa = PBXFileReference; fileEncoding = 4; lastKnownFileType = sourcecode.c.objc; path = Pole.m; sourceTree = "<group>"; };
		3953383B1586E203001A2C12 /* help.html */ = {isa = PBXFileReference; fileEncoding = 4; lastKnownFileType = text.html; path = help.html; sourceTree = "<group>"; };
		39567A1715ACD2EA00B82B1C /* L2a_Torch.png */ = {isa = PBXFileReference; lastKnownFileType = image.png; path = L2a_Torch.png; sourceTree = "<group>"; };
		39567A1815ACD2EA00B82B1C /* L2a_Tree1.png */ = {isa = PBXFileReference; lastKnownFileType = image.png; path = L2a_Tree1.png; sourceTree = "<group>"; };
		39567A1915ACD2EA00B82B1C /* L2a_Tree2.png */ = {isa = PBXFileReference; lastKnownFileType = image.png; path = L2a_Tree2.png; sourceTree = "<group>"; };
		39567A1A15ACD2EA00B82B1C /* L2a_Tree3.png */ = {isa = PBXFileReference; lastKnownFileType = image.png; path = L2a_Tree3.png; sourceTree = "<group>"; };
		39567A1B15ACD2EA00B82B1C /* L2a_Tree4.png */ = {isa = PBXFileReference; lastKnownFileType = image.png; path = L2a_Tree4.png; sourceTree = "<group>"; };
		39567A1C15ACD2EA00B82B1C /* L2a_TreeClump1.png */ = {isa = PBXFileReference; lastKnownFileType = image.png; path = L2a_TreeClump1.png; sourceTree = "<group>"; };
		39567A1D15ACD2EA00B82B1C /* L2a_TreeClump2.png */ = {isa = PBXFileReference; lastKnownFileType = image.png; path = L2a_TreeClump2.png; sourceTree = "<group>"; };
		39567A1E15ACD2EA00B82B1C /* L2a_TreeClump3.png */ = {isa = PBXFileReference; lastKnownFileType = image.png; path = L2a_TreeClump3.png; sourceTree = "<group>"; };
		39567A2815ACF2E100B82B1C /* Constants.h */ = {isa = PBXFileReference; fileEncoding = 4; lastKnownFileType = sourcecode.c.h; path = Constants.h; sourceTree = "<group>"; };
		39567A2915AD22F900B82B1C /* Torch.h */ = {isa = PBXFileReference; fileEncoding = 4; lastKnownFileType = sourcecode.c.h; path = Torch.h; sourceTree = "<group>"; };
		39567A2A15AD22F900B82B1C /* Torch.m */ = {isa = PBXFileReference; fileEncoding = 4; lastKnownFileType = sourcecode.c.objc; path = Torch.m; sourceTree = "<group>"; };
		39567A2C15AE040500B82B1C /* GPUtil.h */ = {isa = PBXFileReference; fileEncoding = 4; lastKnownFileType = sourcecode.c.h; path = GPUtil.h; sourceTree = "<group>"; };
		39567A2D15AE040600B82B1C /* GPUtil.m */ = {isa = PBXFileReference; fileEncoding = 4; lastKnownFileType = sourcecode.c.objc; path = GPUtil.m; sourceTree = "<group>"; };
		396F5E11158A9F7C004CD17E /* dummy.png */ = {isa = PBXFileReference; lastKnownFileType = image.png; path = dummy.png; sourceTree = "<group>"; };
		396F5E14158ADD12004CD17E /* star.png */ = {isa = PBXFileReference; lastKnownFileType = image.png; path = star.png; sourceTree = "<group>"; };
		397AA3E515CE38A700DF8881 /* magnet-hd.png */ = {isa = PBXFileReference; lastKnownFileType = image.png; path = "magnet-hd.png"; sourceTree = "<group>"; };
		397AA3E715CE38B800DF8881 /* Magnet.h */ = {isa = PBXFileReference; fileEncoding = 4; lastKnownFileType = sourcecode.c.h; path = Magnet.h; sourceTree = "<group>"; };
		397AA3E815CE38B800DF8881 /* Magnet.m */ = {isa = PBXFileReference; fileEncoding = 4; lastKnownFileType = sourcecode.c.objc; path = Magnet.m; sourceTree = "<group>"; };
		399C3A0515865419005537B6 /* Cannon.png */ = {isa = PBXFileReference; lastKnownFileType = image.png; path = Cannon.png; sourceTree = "<group>"; };
		399C3A0D1586736C005537B6 /* finalPlatform.png */ = {isa = PBXFileReference; lastKnownFileType = image.png; path = finalPlatform.png; sourceTree = "<group>"; };
		39B3916C16226B63001FA19A /* potion-hd.png */ = {isa = PBXFileReference; lastKnownFileType = image.png; path = "potion-hd.png"; sourceTree = "<group>"; };
		39B3916F16226C20001FA19A /* AngerPotion.h */ = {isa = PBXFileReference; fileEncoding = 4; lastKnownFileType = sourcecode.c.h; path = AngerPotion.h; sourceTree = "<group>"; };
		39B3917016226C20001FA19A /* AngerPotion.m */ = {isa = PBXFileReference; fileEncoding = 4; lastKnownFileType = sourcecode.c.objc; path = AngerPotion.m; sourceTree = "<group>"; };
		39B3917216226CF9001FA19A /* cherry-hd.png */ = {isa = PBXFileReference; lastKnownFileType = image.png; path = "cherry-hd.png"; sourceTree = "<group>"; };
		39B3917416226D0D001FA19A /* SpeedBoost.h */ = {isa = PBXFileReference; fileEncoding = 4; lastKnownFileType = sourcecode.c.h; path = SpeedBoost.h; sourceTree = "<group>"; };
		39B3917516226D0D001FA19A /* SpeedBoost.m */ = {isa = PBXFileReference; fileEncoding = 4; lastKnownFileType = sourcecode.c.objc; path = SpeedBoost.m; sourceTree = "<group>"; };
		39B966701592E51700D4BF00 /* ElephantWalk6.png */ = {isa = PBXFileReference; lastKnownFileType = image.png; path = ElephantWalk6.png; sourceTree = "<group>"; };
		39BE5E36158FB6C200C7D79E /* L1aTreeClump1.png */ = {isa = PBXFileReference; lastKnownFileType = image.png; path = L1aTreeClump1.png; sourceTree = "<group>"; };
		39BE5E37158FB6C200C7D79E /* L1aTreeClump2.png */ = {isa = PBXFileReference; lastKnownFileType = image.png; path = L1aTreeClump2.png; sourceTree = "<group>"; };
		39BE5E38158FB6C200C7D79E /* L1aTreeClump3.png */ = {isa = PBXFileReference; lastKnownFileType = image.png; path = L1aTreeClump3.png; sourceTree = "<group>"; };
		39BE5E3D158FBC8300C7D79E /* L1a_PopcornCart.png */ = {isa = PBXFileReference; lastKnownFileType = image.png; path = L1a_PopcornCart.png; sourceTree = "<group>"; };
		39BE5E3F158FBC8800C7D79E /* L1a_BalloonCart.png */ = {isa = PBXFileReference; lastKnownFileType = image.png; path = L1a_BalloonCart.png; sourceTree = "<group>"; };
		39BE5E41158FBC9500C7D79E /* L1a_Tent1.png */ = {isa = PBXFileReference; lastKnownFileType = image.png; path = L1a_Tent1.png; sourceTree = "<group>"; };
		39BE5E42158FBC9500C7D79E /* L1a_Tent2.png */ = {isa = PBXFileReference; lastKnownFileType = image.png; path = L1a_Tent2.png; sourceTree = "<group>"; };
		39BE5E45158FE05700C7D79E /* L1a_Boxes1.png */ = {isa = PBXFileReference; lastKnownFileType = image.png; path = L1a_Boxes1.png; sourceTree = "<group>"; };
		39BE5E4B1590344200C7D79E /* Coin1.png */ = {isa = PBXFileReference; lastKnownFileType = image.png; path = Coin1.png; sourceTree = "<group>"; };
		39BE5E5F1591A3A300C7D79E /* spring.png */ = {isa = PBXFileReference; lastKnownFileType = image.png; path = spring.png; sourceTree = "<group>"; };
		39C05CCD1571C5EF007C0035 /* GameObject.h */ = {isa = PBXFileReference; fileEncoding = 4; lastKnownFileType = sourcecode.c.h; path = GameObject.h; sourceTree = "<group>"; };
		39C05CCE1571C5EF007C0035 /* GameObject.m */ = {isa = PBXFileReference; fileEncoding = 4; lastKnownFileType = sourcecode.c.objc; path = GameObject.m; sourceTree = "<group>"; };
		39F9A55B15A55E1400AAC46B /* StrongmanStand1.png */ = {isa = PBXFileReference; lastKnownFileType = image.png; path = StrongmanStand1.png; sourceTree = "<group>"; };
		39F9A55E15A55EA500AAC46B /* StrongMan.h */ = {isa = PBXFileReference; fileEncoding = 4; lastKnownFileType = sourcecode.c.h; path = StrongMan.h; sourceTree = "<group>"; };
		39F9A55F15A55EA500AAC46B /* StrongMan.m */ = {isa = PBXFileReference; fileEncoding = 4; lastKnownFileType = sourcecode.c.objc; path = StrongMan.m; sourceTree = "<group>"; };
		39FACEC615B6668200CC5717 /* floatingPlatform.png */ = {isa = PBXFileReference; lastKnownFileType = image.png; path = floatingPlatform.png; sourceTree = "<group>"; };
		39FACEC915B666D600CC5717 /* FloatingPlatform.h */ = {isa = PBXFileReference; fileEncoding = 4; lastKnownFileType = sourcecode.c.h; path = FloatingPlatform.h; sourceTree = "<group>"; };
		39FACECA15B666D600CC5717 /* FloatingPlatform.m */ = {isa = PBXFileReference; fileEncoding = 4; lastKnownFileType = sourcecode.c.objc; path = FloatingPlatform.m; sourceTree = "<group>"; };
		39FACEE915BA3ACD00CC5717 /* FireRing.png */ = {isa = PBXFileReference; lastKnownFileType = image.png; path = FireRing.png; sourceTree = "<group>"; };
		39FACEEB15BA3AE600CC5717 /* FireRing.h */ = {isa = PBXFileReference; fileEncoding = 4; lastKnownFileType = sourcecode.c.h; path = FireRing.h; sourceTree = "<group>"; };
		39FACEEC15BA3AE700CC5717 /* FireRing.m */ = {isa = PBXFileReference; fileEncoding = 4; lastKnownFileType = sourcecode.c.objc; path = FireRing.m; sourceTree = "<group>"; };
/* End PBXFileReference section */

/* Begin PBXFrameworksBuildPhase section */
		39258DDD156F2E3600311702 /* Frameworks */ = {
			isa = PBXFrameworksBuildPhase;
			buildActionMask = 2147483647;
			files = (
				39258DE5156F2E3600311702 /* Cocoa.framework in Frameworks */,
			);
			runOnlyForDeploymentPostprocessing = 0;
		};
/* End PBXFrameworksBuildPhase section */

/* Begin PBXGroup section */
		390ADF531573474700A3F01A /* Resources */ = {
			isa = PBXGroup;
			children = (
				39B3917216226CF9001FA19A /* cherry-hd.png */,
				39B3916C16226B63001FA19A /* potion-hd.png */,
				3921917F15D4CB6400441C6C /* hunter-hd.png */,
				397AA3E515CE38A700DF8881 /* magnet-hd.png */,
				39FACEE915BA3ACD00CC5717 /* FireRing.png */,
				39FACEC615B6668200CC5717 /* floatingPlatform.png */,
				39567A1715ACD2EA00B82B1C /* L2a_Torch.png */,
				39567A1815ACD2EA00B82B1C /* L2a_Tree1.png */,
				39567A1915ACD2EA00B82B1C /* L2a_Tree2.png */,
				39567A1A15ACD2EA00B82B1C /* L2a_Tree3.png */,
				39567A1B15ACD2EA00B82B1C /* L2a_Tree4.png */,
				39567A1C15ACD2EA00B82B1C /* L2a_TreeClump1.png */,
				39567A1D15ACD2EA00B82B1C /* L2a_TreeClump2.png */,
				39567A1E15ACD2EA00B82B1C /* L2a_TreeClump3.png */,
				39F9A55B15A55E1400AAC46B /* StrongmanStand1.png */,
				39104B4315978BCD00C80A13 /* wheel.png */,
				39BE5E5F1591A3A300C7D79E /* spring.png */,
				39B966701592E51700D4BF00 /* ElephantWalk6.png */,
				39BE5E45158FE05700C7D79E /* L1a_Boxes1.png */,
				39BE5E41158FBC9500C7D79E /* L1a_Tent1.png */,
				39BE5E42158FBC9500C7D79E /* L1a_Tent2.png */,
				39BE5E3F158FBC8800C7D79E /* L1a_BalloonCart.png */,
				39BE5E3D158FBC8300C7D79E /* L1a_PopcornCart.png */,
				39BE5E36158FB6C200C7D79E /* L1aTreeClump1.png */,
				39BE5E37158FB6C200C7D79E /* L1aTreeClump2.png */,
				39BE5E38158FB6C200C7D79E /* L1aTreeClump3.png */,
				39BE5E4B1590344200C7D79E /* Coin1.png */,
				396F5E14158ADD12004CD17E /* star.png */,
				396F5E11158A9F7C004CD17E /* dummy.png */,
				3953383B1586E203001A2C12 /* help.html */,
				391D41311586DBA700F80DE6 /* Swing1.icns */,
				390ADF601574685200A3F01A /* btn-scale-hi.png */,
				391D412C1586D9A500F80DE6 /* Swing1.png */,
				399C3A0515865419005537B6 /* Cannon.png */,
				390ADF5A15741BF500A3F01A /* btn-move-hi.png */,
				399C3A0D1586736C005537B6 /* finalPlatform.png */,
				390ADF541573477500A3F01A /* SwingPole1.png */,
			);
			name = Resources;
			path = SwingerLevelDesigner;
			sourceTree = "<group>";
		};
		39104B2D15977BA900C80A13 /* Game Objects */ = {
			isa = PBXGroup;
			children = (
				39B3916F16226C20001FA19A /* AngerPotion.h */,
				39B3917016226C20001FA19A /* AngerPotion.m */,
				39C05CCD1571C5EF007C0035 /* GameObject.h */,
				39C05CCE1571C5EF007C0035 /* GameObject.m */,
				39104B241597763C00C80A13 /* FinalPlatform.h */,
				39104B251597763C00C80A13 /* FinalPlatform.m */,
				39FACEC915B666D600CC5717 /* FloatingPlatform.h */,
				39FACECA15B666D600CC5717 /* FloatingPlatform.m */,
				39FACEEB15BA3AE600CC5717 /* FireRing.h */,
				39FACEEC15BA3AE700CC5717 /* FireRing.m */,
				39F9A55E15A55EA500AAC46B /* StrongMan.h */,
				39F9A55F15A55EA500AAC46B /* StrongMan.m */,
				3921917B15D4CA2700441C6C /* Hunter.h */,
				3921917C15D4CA2700441C6C /* Hunter.m */,
				39104B4015978A9100C80A13 /* Wheel.h */,
				39104B4115978A9100C80A13 /* Wheel.m */,
				39567A2915AD22F900B82B1C /* Torch.h */,
				39567A2A15AD22F900B82B1C /* Torch.m */,
				39104B271597777D00C80A13 /* TreeClump.h */,
				39104B281597777D00C80A13 /* TreeClump.m */,
				39104B1A15971EF700C80A13 /* Cannon.h */,
				39104B1B15971EF700C80A13 /* Cannon.m */,
				39104B2A15977A7600C80A13 /* Tent.h */,
				39104B2B15977A7600C80A13 /* Tent.m */,
				39104B1E15972B2F00C80A13 /* Spring.h */,
				39104B1F15972B2F00C80A13 /* Spring.m */,
				3937DC5815970DD500934226 /* Pole.h */,
				3937DC5915970DD500934226 /* Pole.m */,
				39104B2115972DB400C80A13 /* Elephant.h */,
				39104B2215972DB400C80A13 /* Elephant.m */,
				39104B2E15977BEE00C80A13 /* BalloonCart.h */,
				39104B2F15977BEE00C80A13 /* BalloonCart.m */,
				39104B3115977BFA00C80A13 /* PopcornCart.h */,
				39104B3215977BFA00C80A13 /* PopcornCart.m */,
				39104B3415977C1200C80A13 /* Star.h */,
				39104B3515977C1200C80A13 /* Star.m */,
				39104B3715977C2100C80A13 /* Coin.h */,
				39104B3815977C2100C80A13 /* Coin.m */,
				39104B3A15977C2B00C80A13 /* Boxes.h */,
				39104B3B15977C2B00C80A13 /* Boxes.m */,
				39104B3D15977C4100C80A13 /* Dummy.h */,
				39104B3E15977C4100C80A13 /* Dummy.m */,
				397AA3E715CE38B800DF8881 /* Magnet.h */,
				397AA3E815CE38B800DF8881 /* Magnet.m */,
				39B3917416226D0D001FA19A /* SpeedBoost.h */,
				39B3917516226D0D001FA19A /* SpeedBoost.m */,
			);
			name = "Game Objects";
			sourceTree = "<group>";
		};
		39258DD5156F2E3600311702 = {
			isa = PBXGroup;
			children = (
				39258DEA156F2E3600311702 /* SwingerLevelDesigner */,
				390ADF531573474700A3F01A /* Resources */,
				39258DE3156F2E3600311702 /* Frameworks */,
				39258DE1156F2E3600311702 /* Products */,
			);
			sourceTree = "<group>";
		};
		39258DE1156F2E3600311702 /* Products */ = {
			isa = PBXGroup;
			children = (
				39258DE0156F2E3600311702 /* SwingerLevelDesigner.app */,
			);
			name = Products;
			sourceTree = "<group>";
		};
		39258DE3156F2E3600311702 /* Frameworks */ = {
			isa = PBXGroup;
			children = (
				39258DE4156F2E3600311702 /* Cocoa.framework */,
				39258DE6156F2E3600311702 /* Other Frameworks */,
			);
			name = Frameworks;
			sourceTree = "<group>";
		};
		39258DE6156F2E3600311702 /* Other Frameworks */ = {
			isa = PBXGroup;
			children = (
				39258DE7156F2E3600311702 /* AppKit.framework */,
				39258DE8156F2E3600311702 /* CoreData.framework */,
				39258DE9156F2E3600311702 /* Foundation.framework */,
			);
			name = "Other Frameworks";
			sourceTree = "<group>";
		};
		39258DEA156F2E3600311702 /* SwingerLevelDesigner */ = {
			isa = PBXGroup;
			children = (
				39104B2D15977BA900C80A13 /* Game Objects */,
				39258DF6156F2E3600311702 /* AppDelegate.h */,
				39258DF7156F2E3600311702 /* AppDelegate.m */,
				39567A2815ACF2E100B82B1C /* Constants.h */,
				39258E03156F2E9E00311702 /* StretchView.h */,
				39258E04156F2E9E00311702 /* StretchView.m */,
				39567A2C15AE040500B82B1C /* GPUtil.h */,
				39567A2D15AE040600B82B1C /* GPUtil.m */,
				39258DF9156F2E3600311702 /* MainMenu.xib */,
				39104B451597994100C80A13 /* Notifications.h */,
				390ADF4E15733B9500A3F01A /* SetCanvasSizeWindowController.h */,
				390ADF4F15733B9500A3F01A /* SetCanvasSizeWindowController.m */,
				390ADF5015733B9500A3F01A /* SetCanvasSizeWindowController.xib */,
				39258DEB156F2E3600311702 /* Supporting Files */,
			);
			path = SwingerLevelDesigner;
			sourceTree = "<group>";
		};
		39258DEB156F2E3600311702 /* Supporting Files */ = {
			isa = PBXGroup;
			children = (
				39258DEC156F2E3600311702 /* SwingerLevelDesigner-Info.plist */,
				39258DED156F2E3600311702 /* InfoPlist.strings */,
				39258DF0156F2E3600311702 /* main.m */,
				39258DF2156F2E3600311702 /* SwingerLevelDesigner-Prefix.pch */,
				39258DF3156F2E3600311702 /* Credits.rtf */,
			);
			name = "Supporting Files";
			sourceTree = "<group>";
		};
/* End PBXGroup section */

/* Begin PBXNativeTarget section */
		39258DDF156F2E3600311702 /* SwingerLevelDesigner */ = {
			isa = PBXNativeTarget;
			buildConfigurationList = 39258DFE156F2E3600311702 /* Build configuration list for PBXNativeTarget "SwingerLevelDesigner" */;
			buildPhases = (
				39258DDC156F2E3600311702 /* Sources */,
				39258DDD156F2E3600311702 /* Frameworks */,
				39258DDE156F2E3600311702 /* Resources */,
			);
			buildRules = (
			);
			dependencies = (
			);
			name = SwingerLevelDesigner;
			productName = SwingerLevelDesigner;
			productReference = 39258DE0156F2E3600311702 /* SwingerLevelDesigner.app */;
			productType = "com.apple.product-type.application";
		};
/* End PBXNativeTarget section */

/* Begin PBXProject section */
		39258DD7156F2E3600311702 /* Project object */ = {
			isa = PBXProject;
			attributes = {
				LastUpgradeCheck = 0430;
				ORGANIZATIONNAME = "GAMEPEONS, LLC";
			};
			buildConfigurationList = 39258DDA156F2E3600311702 /* Build configuration list for PBXProject "SwingerLevelDesigner" */;
			compatibilityVersion = "Xcode 3.2";
			developmentRegion = English;
			hasScannedForEncodings = 0;
			knownRegions = (
				en,
			);
			mainGroup = 39258DD5156F2E3600311702;
			productRefGroup = 39258DE1156F2E3600311702 /* Products */;
			projectDirPath = "";
			projectRoot = "";
			targets = (
				39258DDF156F2E3600311702 /* SwingerLevelDesigner */,
			);
		};
/* End PBXProject section */

/* Begin PBXResourcesBuildPhase section */
		39258DDE156F2E3600311702 /* Resources */ = {
			isa = PBXResourcesBuildPhase;
			buildActionMask = 2147483647;
			files = (
				39258DEF156F2E3600311702 /* InfoPlist.strings in Resources */,
				39258DF5156F2E3600311702 /* Credits.rtf in Resources */,
				39258DFB156F2E3600311702 /* MainMenu.xib in Resources */,
				390ADF5215733B9500A3F01A /* SetCanvasSizeWindowController.xib in Resources */,
				390ADF551573477500A3F01A /* SwingPole1.png in Resources */,
				390ADF5B15741BF500A3F01A /* btn-move-hi.png in Resources */,
				390ADF611574685200A3F01A /* btn-scale-hi.png in Resources */,
				399C3A0615865419005537B6 /* Cannon.png in Resources */,
				399C3A0E1586736C005537B6 /* finalPlatform.png in Resources */,
				391D412D1586D9A500F80DE6 /* Swing1.png in Resources */,
				391D41321586DBA700F80DE6 /* Swing1.icns in Resources */,
				3953383C1586E203001A2C12 /* help.html in Resources */,
				396F5E12158A9F7C004CD17E /* dummy.png in Resources */,
				396F5E15158ADD12004CD17E /* star.png in Resources */,
				39BE5E39158FB6C200C7D79E /* L1aTreeClump1.png in Resources */,
				39BE5E3A158FB6C200C7D79E /* L1aTreeClump2.png in Resources */,
				39BE5E3B158FB6C200C7D79E /* L1aTreeClump3.png in Resources */,
				39BE5E3E158FBC8300C7D79E /* L1a_PopcornCart.png in Resources */,
				39BE5E40158FBC8800C7D79E /* L1a_BalloonCart.png in Resources */,
				39BE5E43158FBC9500C7D79E /* L1a_Tent1.png in Resources */,
				39BE5E44158FBC9500C7D79E /* L1a_Tent2.png in Resources */,
				39BE5E46158FE05700C7D79E /* L1a_Boxes1.png in Resources */,
				39BE5E4C1590344200C7D79E /* Coin1.png in Resources */,
				39BE5E601591A3A300C7D79E /* spring.png in Resources */,
				39B966711592E51700D4BF00 /* ElephantWalk6.png in Resources */,
				39104B4415978BCD00C80A13 /* wheel.png in Resources */,
				39F9A55C15A55E1400AAC46B /* StrongmanStand1.png in Resources */,
				39567A1F15ACD2EA00B82B1C /* L2a_Torch.png in Resources */,
				39567A2015ACD2EA00B82B1C /* L2a_Tree1.png in Resources */,
				39567A2115ACD2EA00B82B1C /* L2a_Tree2.png in Resources */,
				39567A2215ACD2EA00B82B1C /* L2a_Tree3.png in Resources */,
				39567A2315ACD2EA00B82B1C /* L2a_Tree4.png in Resources */,
				39567A2415ACD2EA00B82B1C /* L2a_TreeClump1.png in Resources */,
				39567A2515ACD2EA00B82B1C /* L2a_TreeClump2.png in Resources */,
				39567A2615ACD2EA00B82B1C /* L2a_TreeClump3.png in Resources */,
				39FACEC715B6668200CC5717 /* floatingPlatform.png in Resources */,
				39FACEEA15BA3ACD00CC5717 /* FireRing.png in Resources */,
				397AA3E615CE38A700DF8881 /* magnet-hd.png in Resources */,
				3921918015D4CB6400441C6C /* hunter-hd.png in Resources */,
				39B3916D16226B63001FA19A /* potion-hd.png in Resources */,
				39B3917316226CF9001FA19A /* cherry-hd.png in Resources */,
			);
			runOnlyForDeploymentPostprocessing = 0;
		};
/* End PBXResourcesBuildPhase section */

/* Begin PBXSourcesBuildPhase section */
		39258DDC156F2E3600311702 /* Sources */ = {
			isa = PBXSourcesBuildPhase;
			buildActionMask = 2147483647;
			files = (
				39258DF1156F2E3600311702 /* main.m in Sources */,
				39258DF8156F2E3600311702 /* AppDelegate.m in Sources */,
				39258E05156F2E9E00311702 /* StretchView.m in Sources */,
				39C05CCF1571C5EF007C0035 /* GameObject.m in Sources */,
				390ADF5115733B9500A3F01A /* SetCanvasSizeWindowController.m in Sources */,
				3937DC5A15970DD500934226 /* Pole.m in Sources */,
				39104B1C15971EF700C80A13 /* Cannon.m in Sources */,
				39104B2015972B2F00C80A13 /* Spring.m in Sources */,
				39104B2315972DB400C80A13 /* Elephant.m in Sources */,
				39104B261597763C00C80A13 /* FinalPlatform.m in Sources */,
				39104B291597777D00C80A13 /* TreeClump.m in Sources */,
				39104B2C15977A7600C80A13 /* Tent.m in Sources */,
				39104B3015977BEE00C80A13 /* BalloonCart.m in Sources */,
				39104B3315977BFA00C80A13 /* PopcornCart.m in Sources */,
				39104B3615977C1200C80A13 /* Star.m in Sources */,
				39104B3915977C2100C80A13 /* Coin.m in Sources */,
				39104B3C15977C2B00C80A13 /* Boxes.m in Sources */,
				39104B3F15977C4100C80A13 /* Dummy.m in Sources */,
				39104B4215978A9100C80A13 /* Wheel.m in Sources */,
				39F9A56015A55EA500AAC46B /* StrongMan.m in Sources */,
				39567A2B15AD22FA00B82B1C /* Torch.m in Sources */,
				39567A2E15AE040600B82B1C /* GPUtil.m in Sources */,
				39FACECB15B666D600CC5717 /* FloatingPlatform.m in Sources */,
				39FACEED15BA3AE800CC5717 /* FireRing.m in Sources */,
				397AA3E915CE38B800DF8881 /* Magnet.m in Sources */,
				3921917D15D4CA2700441C6C /* Hunter.m in Sources */,
				39B3917116226C20001FA19A /* AngerPotion.m in Sources */,
				39B3917616226D0D001FA19A /* SpeedBoost.m in Sources */,
			);
			runOnlyForDeploymentPostprocessing = 0;
		};
/* End PBXSourcesBuildPhase section */

/* Begin PBXVariantGroup section */
		39258DED156F2E3600311702 /* InfoPlist.strings */ = {
			isa = PBXVariantGroup;
			children = (
				39258DEE156F2E3600311702 /* en */,
			);
			name = InfoPlist.strings;
			sourceTree = "<group>";
		};
		39258DF3156F2E3600311702 /* Credits.rtf */ = {
			isa = PBXVariantGroup;
			children = (
				39258DF4156F2E3600311702 /* en */,
			);
			name = Credits.rtf;
			sourceTree = "<group>";
		};
		39258DF9156F2E3600311702 /* MainMenu.xib */ = {
			isa = PBXVariantGroup;
			children = (
				39258DFA156F2E3600311702 /* en */,
			);
			name = MainMenu.xib;
			sourceTree = "<group>";
		};
/* End PBXVariantGroup section */

/* Begin XCBuildConfiguration section */
		39258DFC156F2E3600311702 /* Debug */ = {
			isa = XCBuildConfiguration;
			buildSettings = {
				ALWAYS_SEARCH_USER_PATHS = NO;
				ARCHS = "$(ARCHS_STANDARD_64_BIT)";
				CLANG_ENABLE_OBJC_ARC = YES;
				COPY_PHASE_STRIP = NO;
				GCC_C_LANGUAGE_STANDARD = gnu99;
				GCC_DYNAMIC_NO_PIC = NO;
				GCC_ENABLE_OBJC_EXCEPTIONS = YES;
				GCC_OPTIMIZATION_LEVEL = 0;
				GCC_PREPROCESSOR_DEFINITIONS = (
					"DEBUG=1",
					"$(inherited)",
				);
				GCC_SYMBOLS_PRIVATE_EXTERN = NO;
				GCC_VERSION = com.apple.compilers.llvm.clang.1_0;
				GCC_WARN_64_TO_32_BIT_CONVERSION = YES;
				GCC_WARN_ABOUT_RETURN_TYPE = YES;
				GCC_WARN_UNINITIALIZED_AUTOS = YES;
				GCC_WARN_UNUSED_VARIABLE = YES;
				MACOSX_DEPLOYMENT_TARGET = 10.7;
				ONLY_ACTIVE_ARCH = YES;
				SDKROOT = macosx;
			};
			name = Debug;
		};
		39258DFD156F2E3600311702 /* Release */ = {
			isa = XCBuildConfiguration;
			buildSettings = {
				ALWAYS_SEARCH_USER_PATHS = NO;
				ARCHS = "$(ARCHS_STANDARD_64_BIT)";
				CLANG_ENABLE_OBJC_ARC = YES;
				COPY_PHASE_STRIP = YES;
				DEBUG_INFORMATION_FORMAT = "dwarf-with-dsym";
				GCC_C_LANGUAGE_STANDARD = gnu99;
				GCC_ENABLE_OBJC_EXCEPTIONS = YES;
				GCC_VERSION = com.apple.compilers.llvm.clang.1_0;
				GCC_WARN_64_TO_32_BIT_CONVERSION = YES;
				GCC_WARN_ABOUT_RETURN_TYPE = YES;
				GCC_WARN_UNINITIALIZED_AUTOS = YES;
				GCC_WARN_UNUSED_VARIABLE = YES;
				MACOSX_DEPLOYMENT_TARGET = 10.7;
				SDKROOT = macosx;
			};
			name = Release;
		};
		39258DFF156F2E3600311702 /* Debug */ = {
			isa = XCBuildConfiguration;
			buildSettings = {
				GCC_PRECOMPILE_PREFIX_HEADER = YES;
				GCC_PREFIX_HEADER = "SwingerLevelDesigner/SwingerLevelDesigner-Prefix.pch";
				INFOPLIST_FILE = "SwingerLevelDesigner/SwingerLevelDesigner-Info.plist";
				PRODUCT_NAME = "$(TARGET_NAME)";
				WRAPPER_EXTENSION = app;
			};
			name = Debug;
		};
		39258E00156F2E3600311702 /* Release */ = {
			isa = XCBuildConfiguration;
			buildSettings = {
				GCC_PRECOMPILE_PREFIX_HEADER = YES;
				GCC_PREFIX_HEADER = "SwingerLevelDesigner/SwingerLevelDesigner-Prefix.pch";
				INFOPLIST_FILE = "SwingerLevelDesigner/SwingerLevelDesigner-Info.plist";
				PRODUCT_NAME = "$(TARGET_NAME)";
				WRAPPER_EXTENSION = app;
			};
			name = Release;
		};
/* End XCBuildConfiguration section */

/* Begin XCConfigurationList section */
		39258DDA156F2E3600311702 /* Build configuration list for PBXProject "SwingerLevelDesigner" */ = {
			isa = XCConfigurationList;
			buildConfigurations = (
				39258DFC156F2E3600311702 /* Debug */,
				39258DFD156F2E3600311702 /* Release */,
			);
			defaultConfigurationIsVisible = 0;
			defaultConfigurationName = Release;
		};
		39258DFE156F2E3600311702 /* Build configuration list for PBXNativeTarget "SwingerLevelDesigner" */ = {
			isa = XCConfigurationList;
			buildConfigurations = (
				39258DFF156F2E3600311702 /* Debug */,
				39258E00156F2E3600311702 /* Release */,
			);
			defaultConfigurationIsVisible = 0;
			defaultConfigurationName = Release;
		};
/* End XCConfigurationList section */
	};
	rootObject = 39258DD7156F2E3600311702 /* Project object */;
}
